hash: 3a52fd57ecd246ada4a94db08b2ee638005c7e462034651c80b0090ad45e699c
updated: 2016-10-09T11:47:34.054088266+09:00
imports:
- name: github.com/codegangsta/cli
  version: a14d7d367bc02b1f57d88de97926727f2d936387
- name: github.com/golang/protobuf
  version: 888eb0692c857ec880338addf316bd662d5e630e
  subpackages:
  - proto
- name: github.com/google/go-querystring
  version: 9235644dd9e52eeae6fa48efd539fdc351a0af53
  subpackages:
  - query
- name: github.com/mitchellh/go-homedir
  version: 756f7b183b7ab78acdbbee5c7f392838ed459dda
- name: github.com/pkg/errors
  version: 645ef00459ed84a119197bfb8d8205042c6df63d
- name: github.com/skratchdot/open-golang
  version: 75fb7ed4208cf72d323d7d02fd1a5964a7a9073c
  subpackages:
  - open
- name: github.com/Tomohiro/go-gyazo
  version: 94f76aa4b16c572f1b8190791c3d9ce9d1e887ed
  subpackages:
  - gyazo
- name: golang.org/x/net
  version: 6250b412798208e6c90b03b7c4f226de5aa299e2
  subpackages:
  - context
- name: golang.org/x/oauth2
  version: 4d549c893be7d4011bab739cc585d091a7188d27
  subpackages:
  - internal
- name: google.golang.org/appengine
  version: 4f7eeb5305a4ba1966344836ba4af9996b7b4e05
  subpackages:
  - internal
  - internal/base
  - internal/datastore
  - internal/log
  - internal/remote_api
  - internal/urlfetch
  - urlfetch
testImports: []
