github.com/Tomohiro/go-gyazo v0.0.0-20170630142814-d7cadd1a561a h1:ljUAhpVoUkj4wFvjxajgnPgfto72u981GeYP7pwV3Mo=
github.com/Tomohiro/go-gyazo v0.0.0-20170630142814-d7cadd1a561a/go.mod h1:uZi/b4CbEkvurA5TINX9cJCc++yrSCGfGN0cj8a0/4E=
github.com/codegangsta/cli v1.19.2-0.20170625032808-b892ba3809cd h1:W+35rHPufbJavFCJjQabAG3+nrV1MylDRTIGiVR/G4w=
github.com/codegangsta/cli v1.19.2-0.20170625032808-b892ba3809cd/go.mod h1:/qJNoX69yVSKu5o4jLyXAENLRyk1uhi7zkbQ3slBdOA=
github.com/golang/protobuf v0.0.0-20170622202551-6a1fa9404c0a h1:5X905hYB5maQbwC9ltdknryvCPb4v+D0pWDQXaYQWyk=
github.com/golang/protobuf v0.0.0-20170622202551-6a1fa9404c0a/go.mod h1:6lQm79b+lXiMfvg/cZm0SGofjICqVBUtrP5yJMmIC1U=
github.com/google/go-querystring v0.0.0-20170111101155-53e6ce116135 h1:zLTLjkaOFEFIOxY5BWLFLwh+cL8vOBW4XJ2aqLE/Tf0=
github.com/google/go-querystring v0.0.0-20170111101155-53e6ce116135/go.mod h1:odCYkC5MyYFN7vkCjXpyrEuKhc/BUO6wN/zVPAxq5ck=
github.com/mitchellh/go-homedir v0.0.0-20161203194507-b8bc1bf76747 h1:eQox4Rh4ewJF+mqYPxCkmBAirRnPaHEB26UkNuPyjlk=
github.com/mitchellh/go-homedir v0.0.0-20161203194507-b8bc1bf76747/go.mod h1:SfyaCUpYCn1Vlf4IUYiD9fPX4A5wJrkLzIz1N1q0pr0=
github.com/pkg/errors v0.7.1 h1:0XSZhzhcAUrs2vsv1y5jaxWejlCCgvxI/kBpbRFMZ+o=
github.com/pkg/errors v0.7.1/go.mod h1:bwawxfHBFNV+L2hUp1rHADufV3IMtnDRdf1r5NINEl0=
github.com/skratchdot/open-golang v0.0.0-20160302144031-75fb7ed4208c h1:fyKiXKO1/I/B6Y2U8T7WdQGWzwehOuGIrljPtt7YTTI=
github.com/skratchdot/open-golang v0.0.0-20160302144031-75fb7ed4208c/go.mod h1:sUM3LWHvSMaG192sy56D9F7CNvL7jUJVXoqM1QKLnog=
golang.org/x/net v0.0.0-20170629171032-1f9224279e98 h1:7wZTjEl3uuLKP9GWY+XYHTXYLUtBChvsVHCNZBouFMA=
golang.org/x/net v0.0.0-20170629171032-1f9224279e98/go.mod h1:mL1N/T3taQHkDXs73rZJwtUhF3w3ftmwwsq0BUmARs4=
golang.org/x/oauth2 v0.0.0-20170629190718-cce311a261e6 h1:vj7nrnDvjWO5ZSo7j0k3EPnotScQCUEuNWsX/h2OBvQ=
golang.org/x/oauth2 v0.0.0-20170629190718-cce311a261e6/go.mod h1:N/0e6XlmueqKjAGxoOufVs8QHGRruUQn6yWY3a++T0U=
golang.org/x/sync v0.0.0-20190911185100-cd5d95a43a6e h1:vcxGaoTs7kV8m5Np9uUNQin4BrLOthgV7252N8V+FwY=
golang.org/x/sync v0.0.0-20190911185100-cd5d95a43a6e/go.mod h1:RxMgew5VJxzue5/jJTE5uejpjVlOe/izrB70Jof72aM=
google.golang.org/appengine v1.0.0 h1:dN4LljjBKVChsv0XCSI+zbyzdqrkEwX5LQFUMRSGqOc=
google.golang.org/appengine v1.0.0/go.mod h1:EbEs0AVv82hx2wNQdGPgUI5lhzA/G0D9YwlJXL52JkM=
